
Microsoft Visual Studio Solution File, Format Version 12.00
# Visual Studio Version 17
VisualStudioVersion = 17.3.32922.545
MinimumVisualStudioVersion = 10.0.40219.1
Project("{FAE04EC0-301F-11D3-BF4B-00C04F79EFBC}") = "AzureBlobStorage", "AzureBlobStorage\AzureBlobStorage.csproj", "{C3D8740F-31D7-4800-8FD1-93EF2B7E6CF7}"
EndProject
Project("{FAE04EC0-301F-11D3-BF4B-00C04F79EFBC}") = "BlobStorageApp", "BlobStorageApp\BlobStorageApp.csproj", "{695EF13A-BB00-4ACB-B6B5-92BEDD69829D}"
EndProject
Global
	GlobalSection(SolutionConfigurationPlatforms) = preSolution
		Debug|Any CPU = Debug|Any CPU
		Release|Any CPU = Release|Any CPU
	EndGlobalSection
	GlobalSection(ProjectConfigurationPlatforms) = postSolution
		{C3D8740F-31D7-4800-8FD1-93EF2B7E6CF7}.Debug|Any CPU.ActiveCfg = Debug|Any CPU
		{C3D8740F-31D7-4800-8FD1-93EF2B7E6CF7}.Debug|Any CPU.Build.0 = Debug|Any CPU
		{C3D8740F-31D7-4800-8FD1-93EF2B7E6CF7}.Release|Any CPU.ActiveCfg = Release|Any CPU
		{C3D8740F-31D7-4800-8FD1-93EF2B7E6CF7}.Release|Any CPU.Build.0 = Release|Any CPU
		{695EF13A-BB00-4ACB-B6B5-92BEDD69829D}.Debug|Any CPU.ActiveCfg = Debug|Any CPU
		{695EF13A-BB00-4ACB-B6B5-92BEDD69829D}.Debug|Any CPU.Build.0 = Debug|Any CPU
		{695EF13A-BB00-4ACB-B6B5-92BEDD69829D}.Release|Any CPU.ActiveCfg = Release|Any CPU
		{695EF13A-BB00-4ACB-B6B5-92BEDD69829D}.Release|Any CPU.Build.0 = Release|Any CPU
	EndGlobalSection
	GlobalSection(SolutionProperties) = preSolution
		HideSolutionNode = FALSE
	EndGlobalSection
	GlobalSection(ExtensibilityGlobals) = postSolution
		SolutionGuid = {D5ECA3E2-2F3A-46C9-8946-BF40110D6BC0}
	EndGlobalSection
EndGlobal
